PODS:
  - Cosmos (23.0.0)
  - SDWebImage (5.10.4):
    - SDWebImage/Core (= 5.10.4)
  - SDWebImage/Core (5.10.4)

DEPENDENCIES:
  - Cosmos
  - SDWebImage (~> 5.0)

SPEC REPOS:
  trunk:
    - Cosmos
    - SDWebImage

SPEC CHECKSUMS:
  Cosmos: b5c6a9a637e28a061b54c8f8b1d8529d7d4db73f
  SDWebImage: c666b97e1fa9c64b4909816a903322018f0a9c84

PODFILE CHECKSUM: e98930b8c7b6726b2bbf1a1168b39a45dd32a23f

COCOAPODS: 1.10.0
